
Microsoft Visual Studio Solution File, Format Version 12.00
# Visual Studio Version 17
VisualStudioVersion = 17.9.34622.214
MinimumVisualStudioVersion = 10.0.40219.1
Project("{FAE04EC0-301F-11D3-BF4B-00C04F79EFBC}") = "StringAssignment", "StringAssignment\StringAssignment.csproj", "{7B530DA0-8CD7-4E57-A00E-B28B82B4E3EF}"
EndProject
Global
	GlobalSection(SolutionConfigurationPlatforms) = preSolution
		Debug|Any CPU = Debug|Any CPU
		Release|Any CPU = Release|Any CPU
	EndGlobalSection
	GlobalSection(ProjectConfigurationPlatforms) = postSolution
		{7B530DA0-8CD7-4E57-A00E-B28B82B4E3EF}.Debug|Any CPU.ActiveCfg = Debug|Any CPU
		{7B530DA0-8CD7-4E57-A00E-B28B82B4E3EF}.Debug|Any CPU.Build.0 = Debug|Any CPU
		{7B530DA0-8CD7-4E57-A00E-B28B82B4E3EF}.Release|Any CPU.ActiveCfg = Release|Any CPU
		{7B530DA0-8CD7-4E57-A00E-B28B82B4E3EF}.Release|Any CPU.Build.0 = Release|Any CPU
	EndGlobalSection
	GlobalSection(SolutionProperties) = preSolution
		HideSolutionNode = FALSE
	EndGlobalSection
	GlobalSection(ExtensibilityGlobals) = postSolution
		SolutionGuid = {B7979420-02E1-4803-B59C-B844140FC983}
	EndGlobalSection
EndGlobal
